
Microsoft Visual Studio Solution File, Format Version 12.00
# Visual Studio Version 17
VisualStudioVersion = 17.11.35222.181
MinimumVisualStudioVersion = 10.0.40219.1
Project("{9A19103F-16F7-4668-BE54-9A1E7A4F7556}") = "ContactApp", "ContactApp\ContactApp.csproj", "{4F4360B0-1963-4A43-A2F7-736900B698FD}"
EndProject
Project("{9A19103F-16F7-4668-BE54-9A1E7A4F7556}") = "ContactLibrary", "AccountLibrary\ContactLibrary.csproj", "{DDA6E5DD-C193-4A1D-95E1-0076CCE20E05}"
EndProject
Global
	GlobalSection(SolutionConfigurationPlatforms) = preSolution
		Debug|Any CPU = Debug|Any CPU
		Release|Any CPU = Release|Any CPU
	EndGlobalSection
	GlobalSection(ProjectConfigurationPlatforms) = postSolution
		{4F4360B0-1963-4A43-A2F7-736900B698FD}.Debug|Any CPU.ActiveCfg = Debug|Any CPU
		{4F4360B0-1963-4A43-A2F7-736900B698FD}.Debug|Any CPU.Build.0 = Debug|Any CPU
		{4F4360B0-1963-4A43-A2F7-736900B698FD}.Release|Any CPU.ActiveCfg = Release|Any CPU
		{4F4360B0-1963-4A43-A2F7-736900B698FD}.Release|Any CPU.Build.0 = Release|Any CPU
		{DDA6E5DD-C193-4A1D-95E1-0076CCE20E05}.Debug|Any CPU.ActiveCfg = Debug|Any CPU
		{DDA6E5DD-C193-4A1D-95E1-0076CCE20E05}.Debug|Any CPU.Build.0 = Debug|Any CPU
		{DDA6E5DD-C193-4A1D-95E1-0076CCE20E05}.Release|Any CPU.ActiveCfg = Release|Any CPU
		{DDA6E5DD-C193-4A1D-95E1-0076CCE20E05}.Release|Any CPU.Build.0 = Release|Any CPU
	EndGlobalSection
	GlobalSection(SolutionProperties) = preSolution
		HideSolutionNode = FALSE
	EndGlobalSection
	GlobalSection(ExtensibilityGlobals) = postSolution
		SolutionGuid = {88AC91CF-5903-4A9A-AEFA-DFECF5183D2C}
	EndGlobalSection
EndGlobal
